{
  "nodes": {
    "dns-compliance-testing-src": {
      "flake": false,
      "locked": {
        "lastModified": 1591667559,
        "narHash": "sha256-QeOgJnH56dS6Ne++tomuiQ/FmKjLHA0Jis9ekRel/g8=",
        "rev": "42c384ee05b1c0be51a260f369f5f4ec74a24cd5",
        "revCount": 174,
        "type": "git",
        "url": "https://gitlab.isc.org/isc-projects/DNS-Compliance-Testing.git"
      },
      "original": {
        "rev": "42c384ee05b1c0be51a260f369f5f4ec74a24cd5",
        "type": "git",
        "url": "https://gitlab.isc.org/isc-projects/DNS-Compliance-Testing.git"
      }
    },
    "nixpkgs": {
      "locked": {
        "lastModified": 1672580127,
        "narHash": "sha256-3lW3xZslREhJogoOkjeZtlBtvFMyxHku7I/9IVehhT8=",
        "owner": "NixOS",
        "repo": "nixpkgs",
        "rev": "0874168639713f547c05947c76124f78441ea46c",
        "type": "github"
      },
      "original": {
        "owner": "NixOS",
        "ref": "nixos-22.05",
        "repo": "nixpkgs",
        "type": "github"
      }
    },
    "root": {
      "inputs": {
        "dns-compliance-testing-src": "dns-compliance-testing-src",
        "nixpkgs": "nixpkgs",
        "utils": "utils"
      }
    },
    "utils": {
      "locked": {
        "lastModified": 1680946745,
        "narHash": "sha256-KqGlwg9UTDsFBZZB8wzXgMnc8XQm95LtSbFvBsnqkPI=",
        "owner": "numtide",
        "repo": "flake-utils",
        "rev": "946da791763db1c306b86a8bd3828bf5814a1247",
        "type": "github"
      },
      "original": {
        "owner": "numtide",
        "repo": "flake-utils",
        "type": "github"
      }
    }
  },
  "root": "root",
  "version": 7
}
